{
  "lockfileVersion": 1,
  "configVersion": 1,
  "workspaces": {
    "": {
      "name": "@sflueckiger/specboard",
      "dependencies": {
        "@sflueckiger/specboard": "^1.1.0",
      },
    },
  },
  "packages": {
    "@sflueckiger/specboard": ["@sflueckiger/specboard@1.1.0", "", { "bin": { "specboard": "cli.ts" } }, "sha512-qx4o2wMd8nTUPT3ON+gK+U+f3rLs1T0/VRB5Tf/jQy/iDFBTthf6ilA0gWOzCVPDO1AT/5a08vefZNKGJ4wrJw=="],
  }
}
